
Microsoft Visual Studio Solution File, Format Version 12.00
# Visual Studio Version 16
VisualStudioVersion = 16.0.28717.21
MinimumVisualStudioVersion = 10.0.40219.1
Project("{9A19103F-16F7-4668-BE54-9A1E7A4F7556}") = "ApplyNullableDecorators", "ApplyNullableDecorators.csproj", "{D8EF63AF-F2A8-4602-B703-3389BD1522BE}"
EndProject
Global
	GlobalSection(SolutionConfigurationPlatforms) = preSolution
		Debug|Any CPU = Debug|Any CPU
		Release|Any CPU = Release|Any CPU
	EndGlobalSection
	GlobalSection(ProjectConfigurationPlatforms) = postSolution
		{D8EF63AF-F2A8-4602-B703-3389BD1522BE}.Debug|Any CPU.ActiveCfg = Debug|Any CPU
		{D8EF63AF-F2A8-4602-B703-3389BD1522BE}.Debug|Any CPU.Build.0 = Debug|Any CPU
		{D8EF63AF-F2A8-4602-B703-3389BD1522BE}.Release|Any CPU.ActiveCfg = Release|Any CPU
		{D8EF63AF-F2A8-4602-B703-3389BD1522BE}.Release|Any CPU.Build.0 = Release|Any CPU
	EndGlobalSection
	GlobalSection(SolutionProperties) = preSolution
		HideSolutionNode = FALSE
	EndGlobalSection
	GlobalSection(ExtensibilityGlobals) = postSolution
		SolutionGuid = {0F98F6D5-40B8-4C5B-BAA9-3D131E05872E}
	EndGlobalSection
EndGlobal
